// !$*UTF8*$!
{
	archiveVersion = 1;
	classes = {
	};
	objectVersion = 56;
	objects = {

/* Begin PBXBuildFile section */
		933249EC28EE354500AAD774 /* BrowserViewModel.swift in Sources */ = {isa = PBXBuildFile; fileRef = 933249EB28EE354500AAD774 /* BrowserViewModel.swift */; };
		933A5A8628EF9C6600F8A35E /* AnimationCompletionModifier.swift in Sources */ = {isa = PBXBuildFile; fileRef = 933A5A8528EF9C6600F8A35E /* AnimationCompletionModifier.swift */; };
		933A5A8828EFD97900F8A35E /* OmniBarView.swift in Sources */ = {isa = PBXBuildFile; fileRef = 933A5A8728EFD97900F8A35E /* OmniBarView.swift */; };
		933A5A8A28EFDA9900F8A35E /* OmniBarViewModel.swift in Sources */ = {isa = PBXBuildFile; fileRef = 933A5A8928EFDA9900F8A35E /* OmniBarViewModel.swift */; };
		933A5A9628F00C1300F8A35E /* ZeroQueryView.swift in Sources */ = {isa = PBXBuildFile; fileRef = 933A5A9528F00C1300F8A35E /* ZeroQueryView.swift */; };
		933A5A9828F00DDD00F8A35E /* UrlFieldView.swift in Sources */ = {isa = PBXBuildFile; fileRef = 933A5A9728F00DDD00F8A35E /* UrlFieldView.swift */; };
		933A5A9A28F00EED00F8A35E /* ShowCardsView.swift in Sources */ = {isa = PBXBuildFile; fileRef = 933A5A9928F00EED00F8A35E /* ShowCardsView.swift */; };
		933A5A9C28F00F3B00F8A35E /* ShowMenuView.swift in Sources */ = {isa = PBXBuildFile; fileRef = 933A5A9B28F00F3B00F8A35E /* ShowMenuView.swift */; };
		933A5A9E28F00FF600F8A35E /* ExpandoView.swift in Sources */ = {isa = PBXBuildFile; fileRef = 933A5A9D28F00FF600F8A35E /* ExpandoView.swift */; };
		933A5AA028F07C4900F8A35E /* ZeroQueryViewModel.swift in Sources */ = {isa = PBXBuildFile; fileRef = 933A5A9F28F07C4900F8A35E /* ZeroQueryViewModel.swift */; };
		933A5AA228F07CB700F8A35E /* UrlFieldViewModel.swift in Sources */ = {isa = PBXBuildFile; fileRef = 933A5AA128F07CB700F8A35E /* UrlFieldViewModel.swift */; };
		933A5AA428F08E9F00F8A35E /* WebContentsCardModel.swift in Sources */ = {isa = PBXBuildFile; fileRef = 933A5AA328F08E9F00F8A35E /* WebContentsCardModel.swift */; };
		933A5AA628F0907200F8A35E /* WebContentsView.swift in Sources */ = {isa = PBXBuildFile; fileRef = 933A5AA528F0907200F8A35E /* WebContentsView.swift */; };
		933A5AAA28F0DC6100F8A35E /* ScrollViewObserver.swift in Sources */ = {isa = PBXBuildFile; fileRef = 933A5AA928F0DC6100F8A35E /* ScrollViewObserver.swift */; };
		933A5AAC28F249AB00F8A35E /* NewCardView.swift in Sources */ = {isa = PBXBuildFile; fileRef = 933A5AAB28F249AB00F8A35E /* NewCardView.swift */; };
		933A5AAE28F291D000F8A35E /* UrlFixup.swift in Sources */ = {isa = PBXBuildFile; fileRef = 933A5AAD28F291D000F8A35E /* UrlFixup.swift */; };
		933A5AB228F931E200F8A35E /* InteractiveButton.swift in Sources */ = {isa = PBXBuildFile; fileRef = 933A5AB128F931E200F8A35E /* InteractiveButton.swift */; };
		933A5AB728FA68B900F8A35E /* Introspect in Frameworks */ = {isa = PBXBuildFile; productRef = 933A5AB628FA68B900F8A35E /* Introspect */; };
		933A5ABE28FDFF1700F8A35E /* StorageModel.xcdatamodeld in Sources */ = {isa = PBXBuildFile; fileRef = 933A5ABC28FDFF1700F8A35E /* StorageModel.xcdatamodeld */; };
		933A5AC028FE421500F8A35E /* Store.swift in Sources */ = {isa = PBXBuildFile; fileRef = 933A5ABF28FE421500F8A35E /* Store.swift */; };
		933B707A2900A227003325F2 /* WebContentsContext.swift in Sources */ = {isa = PBXBuildFile; fileRef = 933B70792900A227003325F2 /* WebContentsContext.swift */; };
		933B707D29010805003325F2 /* URLExtensions.swift in Sources */ = {isa = PBXBuildFile; fileRef = 933B707C29010805003325F2 /* URLExtensions.swift */; };
		933B707F29010B62003325F2 /* Prefs.swift in Sources */ = {isa = PBXBuildFile; fileRef = 933B707E29010B62003325F2 /* Prefs.swift */; };
		933B708329026FB8003325F2 /* OverlayModel.swift in Sources */ = {isa = PBXBuildFile; fileRef = 933B708229026FB8003325F2 /* OverlayModel.swift */; };
		9355A0AE295BBF9300847361 /* AnimationActiveModifier.swift in Sources */ = {isa = PBXBuildFile; fileRef = 9355A0AD295BBF9300847361 /* AnimationActiveModifier.swift */; };
		93AB32E028EDF92400F3C470 /* BrowserApp.swift in Sources */ = {isa = PBXBuildFile; fileRef = 93AB32DF28EDF92400F3C470 /* BrowserApp.swift */; };
		93AB32E228EDF92400F3C470 /* BrowserView.swift in Sources */ = {isa = PBXBuildFile; fileRef = 93AB32E128EDF92400F3C470 /* BrowserView.swift */; };
		93AB32E428EDF92400F3C470 /* Assets.xcassets in Resources */ = {isa = PBXBuildFile; fileRef = 93AB32E328EDF92400F3C470 /* Assets.xcassets */; };
		93AB32FD28EDFA9D00F3C470 /* CardModel.swift in Sources */ = {isa = PBXBuildFile; fileRef = 93AB32FA28EDFA9D00F3C470 /* CardModel.swift */; };
		93AB32FE28EDFA9D00F3C470 /* CardViewModel.swift in Sources */ = {isa = PBXBuildFile; fileRef = 93AB32FB28EDFA9D00F3C470 /* CardViewModel.swift */; };
		93AB32FF28EDFA9D00F3C470 /* ColorCardModel.swift in Sources */ = {isa = PBXBuildFile; fileRef = 93AB32FC28EDFA9D00F3C470 /* ColorCardModel.swift */; };
		93AB330528EDFAA600F3C470 /* CardGridView.swift in Sources */ = {isa = PBXBuildFile; fileRef = 93AB330028EDFAA600F3C470 /* CardGridView.swift */; };
		93AB330628EDFAA600F3C470 /* ReportsPressesButtonStyle.swift in Sources */ = {isa = PBXBuildFile; fileRef = 93AB330128EDFAA600F3C470 /* ReportsPressesButtonStyle.swift */; };
		93AB330728EDFAA600F3C470 /* SmallCardView.swift in Sources */ = {isa = PBXBuildFile; fileRef = 93AB330228EDFAA600F3C470 /* SmallCardView.swift */; };
		93AB330828EDFAA600F3C470 /* CardView.swift in Sources */ = {isa = PBXBuildFile; fileRef = 93AB330328EDFAA600F3C470 /* CardView.swift */; };
		93AB330928EDFAA600F3C470 /* FullCardView.swift in Sources */ = {isa = PBXBuildFile; fileRef = 93AB330428EDFAA600F3C470 /* FullCardView.swift */; };
		93AB331628EE165300F3C470 /* CardGridViewModel.swift in Sources */ = {isa = PBXBuildFile; fileRef = 93AB331528EE165300F3C470 /* CardGridViewModel.swift */; };
/* End PBXBuildFile section */

/* Begin PBXFileReference section */
		933249EB28EE354500AAD774 /* BrowserViewModel.swift */ = {isa = PBXFileReference; lastKnownFileType = sourcecode.swift; path = BrowserViewModel.swift; sourceTree = "<group>"; };
		933A5A8528EF9C6600F8A35E /* AnimationCompletionModifier.swift */ = {isa = PBXFileReference; lastKnownFileType = sourcecode.swift; path = AnimationCompletionModifier.swift; sourceTree = "<group>"; };
		933A5A8728EFD97900F8A35E /* OmniBarView.swift */ = {isa = PBXFileReference; lastKnownFileType = sourcecode.swift; path = OmniBarView.swift; sourceTree = "<group>"; };
		933A5A8928EFDA9900F8A35E /* OmniBarViewModel.swift */ = {isa = PBXFileReference; lastKnownFileType = sourcecode.swift; path = OmniBarViewModel.swift; sourceTree = "<group>"; };
		933A5A9528F00C1300F8A35E /* ZeroQueryView.swift */ = {isa = PBXFileReference; lastKnownFileType = sourcecode.swift; path = ZeroQueryView.swift; sourceTree = "<group>"; };
		933A5A9728F00DDD00F8A35E /* UrlFieldView.swift */ = {isa = PBXFileReference; lastKnownFileType = sourcecode.swift; path = UrlFieldView.swift; sourceTree = "<group>"; };
		933A5A9928F00EED00F8A35E /* ShowCardsView.swift */ = {isa = PBXFileReference; lastKnownFileType = sourcecode.swift; path = ShowCardsView.swift; sourceTree = "<group>"; };
		933A5A9B28F00F3B00F8A35E /* ShowMenuView.swift */ = {isa = PBXFileReference; lastKnownFileType = sourcecode.swift; path = ShowMenuView.swift; sourceTree = "<group>"; };
		933A5A9D28F00FF600F8A35E /* ExpandoView.swift */ = {isa = PBXFileReference; lastKnownFileType = sourcecode.swift; path = ExpandoView.swift; sourceTree = "<group>"; };
		933A5A9F28F07C4900F8A35E /* ZeroQueryViewModel.swift */ = {isa = PBXFileReference; lastKnownFileType = sourcecode.swift; path = ZeroQueryViewModel.swift; sourceTree = "<group>"; };
		933A5AA128F07CB700F8A35E /* UrlFieldViewModel.swift */ = {isa = PBXFileReference; lastKnownFileType = sourcecode.swift; path = UrlFieldViewModel.swift; sourceTree = "<group>"; };
		933A5AA328F08E9F00F8A35E /* WebContentsCardModel.swift */ = {isa = PBXFileReference; lastKnownFileType = sourcecode.swift; path = WebContentsCardModel.swift; sourceTree = "<group>"; };
		933A5AA528F0907200F8A35E /* WebContentsView.swift */ = {isa = PBXFileReference; lastKnownFileType = sourcecode.swift; path = WebContentsView.swift; sourceTree = "<group>"; };
		933A5AA928F0DC6100F8A35E /* ScrollViewObserver.swift */ = {isa = PBXFileReference; lastKnownFileType = sourcecode.swift; path = ScrollViewObserver.swift; sourceTree = "<group>"; };
		933A5AAB28F249AB00F8A35E /* NewCardView.swift */ = {isa = PBXFileReference; lastKnownFileType = sourcecode.swift; path = NewCardView.swift; sourceTree = "<group>"; };
		933A5AAD28F291D000F8A35E /* UrlFixup.swift */ = {isa = PBXFileReference; lastKnownFileType = sourcecode.swift; path = UrlFixup.swift; sourceTree = "<group>"; };
		933A5AB128F931E200F8A35E /* InteractiveButton.swift */ = {isa = PBXFileReference; lastKnownFileType = sourcecode.swift; path = InteractiveButton.swift; sourceTree = "<group>"; };
		933A5ABA28FD358B00F8A35E /* Browser-Info.plist */ = {isa = PBXFileReference; lastKnownFileType = text.plist; path = "Browser-Info.plist"; sourceTree = "<group>"; };
		933A5ABD28FDFF1700F8A35E /* Model.xcdatamodel */ = {isa = PBXFileReference; lastKnownFileType = wrapper.xcdatamodel; path = Model.xcdatamodel; sourceTree = "<group>"; };
		933A5ABF28FE421500F8A35E /* Store.swift */ = {isa = PBXFileReference; lastKnownFileType = sourcecode.swift; path = Store.swift; sourceTree = "<group>"; };
		933B70792900A227003325F2 /* WebContentsContext.swift */ = {isa = PBXFileReference; lastKnownFileType = sourcecode.swift; path = WebContentsContext.swift; sourceTree = "<group>"; };
		933B707C29010805003325F2 /* URLExtensions.swift */ = {isa = PBXFileReference; lastKnownFileType = sourcecode.swift; path = URLExtensions.swift; sourceTree = "<group>"; };
		933B707E29010B62003325F2 /* Prefs.swift */ = {isa = PBXFileReference; lastKnownFileType = sourcecode.swift; path = Prefs.swift; sourceTree = "<group>"; };
		933B708229026FB8003325F2 /* OverlayModel.swift */ = {isa = PBXFileReference; lastKnownFileType = sourcecode.swift; path = OverlayModel.swift; sourceTree = "<group>"; };
		9355A0AD295BBF9300847361 /* AnimationActiveModifier.swift */ = {isa = PBXFileReference; lastKnownFileType = sourcecode.swift; path = AnimationActiveModifier.swift; sourceTree = "<group>"; };
		93AB32DC28EDF92400F3C470 /* Browser.app */ = {isa = PBXFileReference; explicitFileType = wrapper.application; includeInIndex = 0; path = Browser.app; sourceTree = BUILT_PRODUCTS_DIR; };
		93AB32DF28EDF92400F3C470 /* BrowserApp.swift */ = {isa = PBXFileReference; lastKnownFileType = sourcecode.swift; path = BrowserApp.swift; sourceTree = "<group>"; };
		93AB32E128EDF92400F3C470 /* BrowserView.swift */ = {isa = PBXFileReference; lastKnownFileType = sourcecode.swift; path = BrowserView.swift; sourceTree = "<group>"; };
		93AB32E328EDF92400F3C470 /* Assets.xcassets */ = {isa = PBXFileReference; lastKnownFileType = folder.assetcatalog; path = Assets.xcassets; sourceTree = "<group>"; };
		93AB32FA28EDFA9D00F3C470 /* CardModel.swift */ = {isa = PBXFileReference; fileEncoding = 4; lastKnownFileType = sourcecode.swift; path = CardModel.swift; sourceTree = "<group>"; };
		93AB32FB28EDFA9D00F3C470 /* CardViewModel.swift */ = {isa = PBXFileReference; fileEncoding = 4; lastKnownFileType = sourcecode.swift; path = CardViewModel.swift; sourceTree = "<group>"; };
		93AB32FC28EDFA9D00F3C470 /* ColorCardModel.swift */ = {isa = PBXFileReference; fileEncoding = 4; lastKnownFileType = sourcecode.swift; path = ColorCardModel.swift; sourceTree = "<group>"; };
		93AB330028EDFAA600F3C470 /* CardGridView.swift */ = {isa = PBXFileReference; fileEncoding = 4; lastKnownFileType = sourcecode.swift; path = CardGridView.swift; sourceTree = "<group>"; };
		93AB330128EDFAA600F3C470 /* ReportsPressesButtonStyle.swift */ = {isa = PBXFileReference; fileEncoding = 4; lastKnownFileType = sourcecode.swift; path = ReportsPressesButtonStyle.swift; sourceTree = "<group>"; };
		93AB330228EDFAA600F3C470 /* SmallCardView.swift */ = {isa = PBXFileReference; fileEncoding = 4; lastKnownFileType = sourcecode.swift; path = SmallCardView.swift; sourceTree = "<group>"; };
		93AB330328EDFAA600F3C470 /* CardView.swift */ = {isa = PBXFileReference; fileEncoding = 4; lastKnownFileType = sourcecode.swift; path = CardView.swift; sourceTree = "<group>"; };
		93AB330428EDFAA600F3C470 /* FullCardView.swift */ = {isa = PBXFileReference; fileEncoding = 4; lastKnownFileType = sourcecode.swift; path = FullCardView.swift; sourceTree = "<group>"; };
		93AB331528EE165300F3C470 /* CardGridViewModel.swift */ = {isa = PBXFileReference; lastKnownFileType = sourcecode.swift; path = CardGridViewModel.swift; sourceTree = "<group>"; };
/* End PBXFileReference section */

/* Begin PBXFrameworksBuildPhase section */
		93AB32D928EDF92400F3C470 /* Frameworks */ = {
			isa = PBXFrameworksBuildPhase;
			buildActionMask = 2147483647;
			files = (
				933A5AB728FA68B900F8A35E /* Introspect in Frameworks */,
			);
			runOnlyForDeploymentPostprocessing = 0;
		};
/* End PBXFrameworksBuildPhase section */

/* Begin PBXGroup section */
		933A5A8428EF570C00F8A35E /* Utils */ = {
			isa = PBXGroup;
			children = (
				9355A0AD295BBF9300847361 /* AnimationActiveModifier.swift */,
				933A5A8528EF9C6600F8A35E /* AnimationCompletionModifier.swift */,
				933A5AB128F931E200F8A35E /* InteractiveButton.swift */,
				93AB330128EDFAA600F3C470 /* ReportsPressesButtonStyle.swift */,
				933A5AA928F0DC6100F8A35E /* ScrollViewObserver.swift */,
				933A5AAD28F291D000F8A35E /* UrlFixup.swift */,
			);
			path = Utils;
			sourceTree = "<group>";
		};
		933A5A8B28EFFBDE00F8A35E /* OmniBar */ = {
			isa = PBXGroup;
			children = (
				933A5A8D28EFFBF100F8A35E /* Views */,
				933A5A8C28EFFBEA00F8A35E /* ViewModels */,
			);
			path = OmniBar;
			sourceTree = "<group>";
		};
		933A5A8C28EFFBEA00F8A35E /* ViewModels */ = {
			isa = PBXGroup;
			children = (
				933A5A8928EFDA9900F8A35E /* OmniBarViewModel.swift */,
				933A5AA128F07CB700F8A35E /* UrlFieldViewModel.swift */,
			);
			path = ViewModels;
			sourceTree = "<group>";
		};
		933A5A8D28EFFBF100F8A35E /* Views */ = {
			isa = PBXGroup;
			children = (
				933A5A9D28F00FF600F8A35E /* ExpandoView.swift */,
				933A5AAB28F249AB00F8A35E /* NewCardView.swift */,
				933A5A8728EFD97900F8A35E /* OmniBarView.swift */,
				933A5A9928F00EED00F8A35E /* ShowCardsView.swift */,
				933A5A9B28F00F3B00F8A35E /* ShowMenuView.swift */,
				933A5A9728F00DDD00F8A35E /* UrlFieldView.swift */,
			);
			path = Views;
			sourceTree = "<group>";
		};
		933A5A8E28F0073E00F8A35E /* WebContents */ = {
			isa = PBXGroup;
			children = (
				933A5A9128F0077600F8A35E /* Models */,
				933A5A8F28F0076000F8A35E /* Views */,
			);
			path = WebContents;
			sourceTree = "<group>";
		};
		933A5A8F28F0076000F8A35E /* Views */ = {
			isa = PBXGroup;
			children = (
				933A5AA528F0907200F8A35E /* WebContentsView.swift */,
			);
			path = Views;
			sourceTree = "<group>";
		};
		933A5A9128F0077600F8A35E /* Models */ = {
			isa = PBXGroup;
			children = (
				933A5AA328F08E9F00F8A35E /* WebContentsCardModel.swift */,
				933B70792900A227003325F2 /* WebContentsContext.swift */,
			);
			path = Models;
			sourceTree = "<group>";
		};
		933A5A9228F00AB200F8A35E /* ZeroQuery */ = {
			isa = PBXGroup;
			children = (
				933A5A9428F00AC300F8A35E /* Views */,
				933A5A9328F00ABE00F8A35E /* ViewModels */,
			);
			path = ZeroQuery;
			sourceTree = "<group>";
		};
		933A5A9328F00ABE00F8A35E /* ViewModels */ = {
			isa = PBXGroup;
			children = (
				933A5A9F28F07C4900F8A35E /* ZeroQueryViewModel.swift */,
			);
			path = ViewModels;
			sourceTree = "<group>";
		};
		933A5A9428F00AC300F8A35E /* Views */ = {
			isa = PBXGroup;
			children = (
				933A5A9528F00C1300F8A35E /* ZeroQueryView.swift */,
			);
			path = Views;
			sourceTree = "<group>";
		};
		933A5ABB28FDFEEA00F8A35E /* Storage */ = {
			isa = PBXGroup;
			children = (
				933A5ABC28FDFF1700F8A35E /* StorageModel.xcdatamodeld */,
				933A5ABF28FE421500F8A35E /* Store.swift */,
				933B707E29010B62003325F2 /* Prefs.swift */,
			);
			path = Storage;
			sourceTree = "<group>";
		};
		933B707B290107F8003325F2 /* Extensions */ = {
			isa = PBXGroup;
			children = (
				933B707C29010805003325F2 /* URLExtensions.swift */,
			);
			path = Extensions;
			sourceTree = "<group>";
		};
		933B708029026F5E003325F2 /* Shared */ = {
			isa = PBXGroup;
			children = (
				933B707B290107F8003325F2 /* Extensions */,
				933B708129026F6D003325F2 /* Models */,
				933A5A8428EF570C00F8A35E /* Utils */,
			);
			path = Shared;
			sourceTree = "<group>";
		};
		933B708129026F6D003325F2 /* Models */ = {
			isa = PBXGroup;
			children = (
				933B708229026FB8003325F2 /* OverlayModel.swift */,
			);
			path = Models;
			sourceTree = "<group>";
		};
		93AB32D328EDF92400F3C470 = {
			isa = PBXGroup;
			children = (
				93AB330A28EDFAC500F3C470 /* App */,
				93AB32E328EDF92400F3C470 /* Assets.xcassets */,
				933A5ABA28FD358B00F8A35E /* Browser-Info.plist */,
				93AB32ED28EDF9C200F3C470 /* CardGrid */,
				933A5A8B28EFFBDE00F8A35E /* OmniBar */,
				93AB32DD28EDF92400F3C470 /* Products */,
				933B708029026F5E003325F2 /* Shared */,
				933A5ABB28FDFEEA00F8A35E /* Storage */,
				933A5A8E28F0073E00F8A35E /* WebContents */,
				933A5A9228F00AB200F8A35E /* ZeroQuery */,
			);
			sourceTree = "<group>";
		};
		93AB32DD28EDF92400F3C470 /* Products */ = {
			isa = PBXGroup;
			children = (
				93AB32DC28EDF92400F3C470 /* Browser.app */,
			);
			name = Products;
			sourceTree = "<group>";
		};
		93AB32ED28EDF9C200F3C470 /* CardGrid */ = {
			isa = PBXGroup;
			children = (
				93AB32EE28EDF9DE00F3C470 /* Models */,
				93AB331428EE154500F3C470 /* ViewModels */,
				93AB32EF28EDF9E300F3C470 /* Views */,
			);
			path = CardGrid;
			sourceTree = "<group>";
		};
		93AB32EE28EDF9DE00F3C470 /* Models */ = {
			isa = PBXGroup;
			children = (
				93AB32FA28EDFA9D00F3C470 /* CardModel.swift */,
				93AB32FC28EDFA9D00F3C470 /* ColorCardModel.swift */,
			);
			path = Models;
			sourceTree = "<group>";
		};
		93AB32EF28EDF9E300F3C470 /* Views */ = {
			isa = PBXGroup;
			children = (
				93AB330028EDFAA600F3C470 /* CardGridView.swift */,
				93AB330328EDFAA600F3C470 /* CardView.swift */,
				93AB330428EDFAA600F3C470 /* FullCardView.swift */,
				93AB330228EDFAA600F3C470 /* SmallCardView.swift */,
			);
			path = Views;
			sourceTree = "<group>";
		};
		93AB330A28EDFAC500F3C470 /* App */ = {
			isa = PBXGroup;
			children = (
				93AB331728EE34EC00F3C470 /* ViewModels */,
				93AB330B28EDFAE200F3C470 /* Views */,
				93AB32DF28EDF92400F3C470 /* BrowserApp.swift */,
			);
			path = App;
			sourceTree = "<group>";
		};
		93AB330B28EDFAE200F3C470 /* Views */ = {
			isa = PBXGroup;
			children = (
				93AB32E128EDF92400F3C470 /* BrowserView.swift */,
			);
			path = Views;
			sourceTree = "<group>";
		};
		93AB331428EE154500F3C470 /* ViewModels */ = {
			isa = PBXGroup;
			children = (
				93AB32FB28EDFA9D00F3C470 /* CardViewModel.swift */,
				93AB331528EE165300F3C470 /* CardGridViewModel.swift */,
			);
			path = ViewModels;
			sourceTree = "<group>";
		};
		93AB331728EE34EC00F3C470 /* ViewModels */ = {
			isa = PBXGroup;
			children = (
				933249EB28EE354500AAD774 /* BrowserViewModel.swift */,
			);
			path = ViewModels;
			sourceTree = "<group>";
		};
/* End PBXGroup section */

/* Begin PBXNativeTarget section */
		93AB32DB28EDF92400F3C470 /* Browser */ = {
			isa = PBXNativeTarget;
			buildConfigurationList = 93AB32EA28EDF92400F3C470 /* Build configuration list for PBXNativeTarget "Browser" */;
			buildPhases = (
				93AB32D828EDF92400F3C470 /* Sources */,
				93AB32D928EDF92400F3C470 /* Frameworks */,
				93AB32DA28EDF92400F3C470 /* Resources */,
			);
			buildRules = (
			);
			dependencies = (
			);
			name = Browser;
			packageProductDependencies = (
				933A5AB628FA68B900F8A35E /* Introspect */,
			);
			productName = Browser;
			productReference = 93AB32DC28EDF92400F3C470 /* Browser.app */;
			productType = "com.apple.product-type.application";
		};
/* End PBXNativeTarget section */

/* Begin PBXProject section */
		93AB32D428EDF92400F3C470 /* Project object */ = {
			isa = PBXProject;
			attributes = {
				BuildIndependentTargetsInParallel = 1;
				LastSwiftUpdateCheck = 1400;
				LastUpgradeCheck = 1400;
				TargetAttributes = {
					93AB32DB28EDF92400F3C470 = {
						CreatedOnToolsVersion = 14.0.1;
					};
				};
			};
			buildConfigurationList = 93AB32D728EDF92400F3C470 /* Build configuration list for PBXProject "Browser" */;
			compatibilityVersion = "Xcode 14.0";
			developmentRegion = en;
			hasScannedForEncodings = 0;
			knownRegions = (
				en,
				Base,
			);
			mainGroup = 93AB32D328EDF92400F3C470;
			packageReferences = (
				933A5AB528FA68B900F8A35E /* XCRemoteSwiftPackageReference "SwiftUI-Introspect" */,
			);
			productRefGroup = 93AB32DD28EDF92400F3C470 /* Products */;
			projectDirPath = "";
			projectRoot = "";
			targets = (
				93AB32DB28EDF92400F3C470 /* Browser */,
			);
		};
/* End PBXProject section */

/* Begin PBXResourcesBuildPhase section */
		93AB32DA28EDF92400F3C470 /* Resources */ = {
			isa = PBXResourcesBuildPhase;
			buildActionMask = 2147483647;
			files = (
				93AB32E428EDF92400F3C470 /* Assets.xcassets in Resources */,
			);
			runOnlyForDeploymentPostprocessing = 0;
		};
/* End PBXResourcesBuildPhase section */

/* Begin PBXSourcesBuildPhase section */
		93AB32D828EDF92400F3C470 /* Sources */ = {
			isa = PBXSourcesBuildPhase;
			buildActionMask = 2147483647;
			files = (
				933B707F29010B62003325F2 /* Prefs.swift in Sources */,
				93AB331628EE165300F3C470 /* CardGridViewModel.swift in Sources */,
				9355A0AE295BBF9300847361 /* AnimationActiveModifier.swift in Sources */,
				933A5A9A28F00EED00F8A35E /* ShowCardsView.swift in Sources */,
				933A5A9828F00DDD00F8A35E /* UrlFieldView.swift in Sources */,
				933A5AAE28F291D000F8A35E /* UrlFixup.swift in Sources */,
				933A5AB228F931E200F8A35E /* InteractiveButton.swift in Sources */,
				933A5AA428F08E9F00F8A35E /* WebContentsCardModel.swift in Sources */,
				933B707A2900A227003325F2 /* WebContentsContext.swift in Sources */,
				933A5AAA28F0DC6100F8A35E /* ScrollViewObserver.swift in Sources */,
				93AB32FE28EDFA9D00F3C470 /* CardViewModel.swift in Sources */,
				933A5AA028F07C4900F8A35E /* ZeroQueryViewModel.swift in Sources */,
				93AB330828EDFAA600F3C470 /* CardView.swift in Sources */,
				93AB32FF28EDFA9D00F3C470 /* ColorCardModel.swift in Sources */,
				933A5A9E28F00FF600F8A35E /* ExpandoView.swift in Sources */,
				93AB330628EDFAA600F3C470 /* ReportsPressesButtonStyle.swift in Sources */,
				933A5A8628EF9C6600F8A35E /* AnimationCompletionModifier.swift in Sources */,
				933249EC28EE354500AAD774 /* BrowserViewModel.swift in Sources */,
				933A5AA228F07CB700F8A35E /* UrlFieldViewModel.swift in Sources */,
				933B707D29010805003325F2 /* URLExtensions.swift in Sources */,
				933A5A8828EFD97900F8A35E /* OmniBarView.swift in Sources */,
				933A5A9C28F00F3B00F8A35E /* ShowMenuView.swift in Sources */,
				933A5AA628F0907200F8A35E /* WebContentsView.swift in Sources */,
				93AB330528EDFAA600F3C470 /* CardGridView.swift in Sources */,
				933A5AAC28F249AB00F8A35E /* NewCardView.swift in Sources */,
				93AB330728EDFAA600F3C470 /* SmallCardView.swift in Sources */,
				93AB32E228EDF92400F3C470 /* BrowserView.swift in Sources */,
				933B708329026FB8003325F2 /* OverlayModel.swift in Sources */,
				933A5A8A28EFDA9900F8A35E /* OmniBarViewModel.swift in Sources */,
				93AB32E028EDF92400F3C470 /* BrowserApp.swift in Sources */,
				93AB32FD28EDFA9D00F3C470 /* CardModel.swift in Sources */,
				93AB330928EDFAA600F3C470 /* FullCardView.swift in Sources */,
				933A5AC028FE421500F8A35E /* Store.swift in Sources */,
				933A5A9628F00C1300F8A35E /* ZeroQueryView.swift in Sources */,
				933A5ABE28FDFF1700F8A35E /* StorageModel.xcdatamodeld in Sources */,
			);
			runOnlyForDeploymentPostprocessing = 0;
		};
/* End PBXSourcesBuildPhase section */

/* Begin XCBuildConfiguration section */
		93AB32E828EDF92400F3C470 /* Debug */ = {
			isa = XCBuildConfiguration;
			buildSettings = {
				ALWAYS_SEARCH_USER_PATHS = NO;
				CLANG_ANALYZER_NONNULL = YES;
				CLANG_ANALYZER_NUMBER_OBJECT_CONVERSION = YES_AGGRESSIVE;
				CLANG_CXX_LANGUAGE_STANDARD = "gnu++20";
				CLANG_ENABLE_MODULES = YES;
				CLANG_ENABLE_OBJC_ARC = YES;
				CLANG_ENABLE_OBJC_WEAK = YES;
				CLANG_WARN_BLOCK_CAPTURE_AUTORELEASING = YES;
				CLANG_WARN_BOOL_CONVERSION = YES;
				CLANG_WARN_COMMA = YES;
				CLANG_WARN_CONSTANT_CONVERSION = YES;
				CLANG_WARN_DEPRECATED_OBJC_IMPLEMENTATIONS = YES;
				CLANG_WARN_DIRECT_OBJC_ISA_USAGE = YES_ERROR;
				CLANG_WARN_DOCUMENTATION_COMMENTS = YES;
				CLANG_WARN_EMPTY_BODY = YES;
				CLANG_WARN_ENUM_CONVERSION = YES;
				CLANG_WARN_INFINITE_RECURSION = YES;
				CLANG_WARN_INT_CONVERSION = YES;
				CLANG_WARN_NON_LITERAL_NULL_CONVERSION = YES;
				CLANG_WARN_OBJC_IMPLICIT_RETAIN_SELF = YES;
				CLANG_WARN_OBJC_LITERAL_CONVERSION = YES;
				CLANG_WARN_OBJC_ROOT_CLASS = YES_ERROR;
				CLANG_WARN_QUOTED_INCLUDE_IN_FRAMEWORK_HEADER = YES;
				CLANG_WARN_RANGE_LOOP_ANALYSIS = YES;
				CLANG_WARN_STRICT_PROTOTYPES = YES;
				CLANG_WARN_SUSPICIOUS_MOVE = YES;
				CLANG_WARN_UNGUARDED_AVAILABILITY = YES_AGGRESSIVE;
				CLANG_WARN_UNREACHABLE_CODE = YES;
				CLANG_WARN__DUPLICATE_METHOD_MATCH = YES;
				COPY_PHASE_STRIP = NO;
				DEBUG_INFORMATION_FORMAT = dwarf;
				ENABLE_STRICT_OBJC_MSGSEND = YES;
				ENABLE_TESTABILITY = YES;
				GCC_C_LANGUAGE_STANDARD = gnu11;
				GCC_DYNAMIC_NO_PIC = NO;
				GCC_NO_COMMON_BLOCKS = YES;
				GCC_OPTIMIZATION_LEVEL = 0;
				GCC_PREPROCESSOR_DEFINITIONS = (
					"DEBUG=1",
					"$(inherited)",
				);
				GCC_WARN_64_TO_32_BIT_CONVERSION = YES;
				GCC_WARN_ABOUT_RETURN_TYPE = YES_ERROR;
				GCC_WARN_UNDECLARED_SELECTOR = YES;
				GCC_WARN_UNINITIALIZED_AUTOS = YES_AGGRESSIVE;
				GCC_WARN_UNUSED_FUNCTION = YES;
				GCC_WARN_UNUSED_VARIABLE = YES;
				INFOPLIST_FILE = "";
				IPHONEOS_DEPLOYMENT_TARGET = 16.0;
				MTL_ENABLE_DEBUG_INFO = INCLUDE_SOURCE;
				MTL_FAST_MATH = YES;
				ONLY_ACTIVE_ARCH = YES;
				SDKROOT = iphoneos;
				SWIFT_ACTIVE_COMPILATION_CONDITIONS = DEBUG;
				SWIFT_OPTIMIZATION_LEVEL = "-Onone";
			};
			name = Debug;
		};
		93AB32E928EDF92400F3C470 /* Release */ = {
			isa = XCBuildConfiguration;
			buildSettings = {
				ALWAYS_SEARCH_USER_PATHS = NO;
				CLANG_ANALYZER_NONNULL = YES;
				CLANG_ANALYZER_NUMBER_OBJECT_CONVERSION = YES_AGGRESSIVE;
				CLANG_CXX_LANGUAGE_STANDARD = "gnu++20";
				CLANG_ENABLE_MODULES = YES;
				CLANG_ENABLE_OBJC_ARC = YES;
				CLANG_ENABLE_OBJC_WEAK = YES;
				CLANG_WARN_BLOCK_CAPTURE_AUTORELEASING = YES;
				CLANG_WARN_BOOL_CONVERSION = YES;
				CLANG_WARN_COMMA = YES;
				CLANG_WARN_CONSTANT_CONVERSION = YES;
				CLANG_WARN_DEPRECATED_OBJC_IMPLEMENTATIONS = YES;
				CLANG_WARN_DIRECT_OBJC_ISA_USAGE = YES_ERROR;
				CLANG_WARN_DOCUMENTATION_COMMENTS = YES;
				CLANG_WARN_EMPTY_BODY = YES;
				CLANG_WARN_ENUM_CONVERSION = YES;
				CLANG_WARN_INFINITE_RECURSION = YES;
				CLANG_WARN_INT_CONVERSION = YES;
				CLANG_WARN_NON_LITERAL_NULL_CONVERSION = YES;
				CLANG_WARN_OBJC_IMPLICIT_RETAIN_SELF = YES;
				CLANG_WARN_OBJC_LITERAL_CONVERSION = YES;
				CLANG_WARN_OBJC_ROOT_CLASS = YES_ERROR;
				CLANG_WARN_QUOTED_INCLUDE_IN_FRAMEWORK_HEADER = YES;
				CLANG_WARN_RANGE_LOOP_ANALYSIS = YES;
				CLANG_WARN_STRICT_PROTOTYPES = YES;
				CLANG_WARN_SUSPICIOUS_MOVE = YES;
				CLANG_WARN_UNGUARDED_AVAILABILITY = YES_AGGRESSIVE;
				CLANG_WARN_UNREACHABLE_CODE = YES;
				CLANG_WARN__DUPLICATE_METHOD_MATCH = YES;
				COPY_PHASE_STRIP = NO;
				DEBUG_INFORMATION_FORMAT = "dwarf-with-dsym";
				ENABLE_NS_ASSERTIONS = NO;
				ENABLE_STRICT_OBJC_MSGSEND = YES;
				GCC_C_LANGUAGE_STANDARD = gnu11;
				GCC_NO_COMMON_BLOCKS = YES;
				GCC_WARN_64_TO_32_BIT_CONVERSION = YES;
				GCC_WARN_ABOUT_RETURN_TYPE = YES_ERROR;
				GCC_WARN_UNDECLARED_SELECTOR = YES;
				GCC_WARN_UNINITIALIZED_AUTOS = YES_AGGRESSIVE;
				GCC_WARN_UNUSED_FUNCTION = YES;
				GCC_WARN_UNUSED_VARIABLE = YES;
				INFOPLIST_FILE = "";
				IPHONEOS_DEPLOYMENT_TARGET = 16.0;
				MTL_ENABLE_DEBUG_INFO = NO;
				MTL_FAST_MATH = YES;
				SDKROOT = iphoneos;
				SWIFT_COMPILATION_MODE = wholemodule;
				SWIFT_OPTIMIZATION_LEVEL = "-O";
				VALIDATE_PRODUCT = YES;
			};
			name = Release;
		};
		93AB32EB28EDF92400F3C470 /* Debug */ = {
			isa = XCBuildConfiguration;
			buildSettings = {
				ASSETCATALOG_COMPILER_APPICON_NAME = AppIcon;
				ASSETCATALOG_COMPILER_GLOBAL_ACCENT_COLOR_NAME = AccentColor;
				CODE_SIGN_STYLE = Automatic;
				CURRENT_PROJECT_VERSION = 1;
				DEVELOPMENT_TEAM = C7ZSH475YN;
				ENABLE_PREVIEWS = NO;
				GENERATE_INFOPLIST_FILE = YES;
				INFOPLIST_FILE = "Browser-Info.plist";
				INFOPLIST_KEY_CFBundleDisplayName = Sparrow;
				INFOPLIST_KEY_UIApplicationSceneManifest_Generation = YES;
				INFOPLIST_KEY_UIApplicationSupportsIndirectInputEvents = YES;
				INFOPLIST_KEY_UILaunchScreen_Generation = YES;
				INFOPLIST_KEY_UISupportedInterfaceOrientations_iPad = "UIInterfaceOrientationPortrait UIInterfaceOrientationPortraitUpsideDown UIInterfaceOrientationLandscapeLeft UIInterfaceOrientationLandscapeRight";
				INFOPLIST_KEY_UISupportedInterfaceOrientations_iPhone = "UIInterfaceOrientationPortrait UIInterfaceOrientationLandscapeLeft UIInterfaceOrientationLandscapeRight";
				LD_RUNPATH_SEARCH_PATHS = (
					"$(inherited)",
					"@executable_path/Frameworks",
				);
				MARKETING_VERSION = 1.0;
				PRODUCT_BUNDLE_IDENTIFIER = darinf.Browser;
				PRODUCT_NAME = "$(TARGET_NAME)";
				SWIFT_EMIT_LOC_STRINGS = YES;
				SWIFT_VERSION = 5.0;
				TARGETED_DEVICE_FAMILY = "1,2";
			};
			name = Debug;
		};
		93AB32EC28EDF92400F3C470 /* Release */ = {
			isa = XCBuildConfiguration;
			buildSettings = {
				ASSETCATALOG_COMPILER_APPICON_NAME = AppIcon;
				ASSETCATALOG_COMPILER_GLOBAL_ACCENT_COLOR_NAME = AccentColor;
				CODE_SIGN_STYLE = Automatic;
				CURRENT_PROJECT_VERSION = 1;
				DEVELOPMENT_TEAM = C7ZSH475YN;
				ENABLE_PREVIEWS = NO;
				GENERATE_INFOPLIST_FILE = YES;
				INFOPLIST_FILE = "Browser-Info.plist";
				INFOPLIST_KEY_CFBundleDisplayName = Sparrow;
				INFOPLIST_KEY_UIApplicationSceneManifest_Generation = YES;
				INFOPLIST_KEY_UIApplicationSupportsIndirectInputEvents = YES;
				INFOPLIST_KEY_UILaunchScreen_Generation = YES;
				INFOPLIST_KEY_UISupportedInterfaceOrientations_iPad = "UIInterfaceOrientationPortrait UIInterfaceOrientationPortraitUpsideDown UIInterfaceOrientationLandscapeLeft UIInterfaceOrientationLandscapeRight";
				INFOPLIST_KEY_UISupportedInterfaceOrientations_iPhone = "UIInterfaceOrientationPortrait UIInterfaceOrientationLandscapeLeft UIInterfaceOrientationLandscapeRight";
				LD_RUNPATH_SEARCH_PATHS = (
					"$(inherited)",
					"@executable_path/Frameworks",
				);
				MARKETING_VERSION = 1.0;
				PRODUCT_BUNDLE_IDENTIFIER = darinf.Browser;
				PRODUCT_NAME = "$(TARGET_NAME)";
				SWIFT_EMIT_LOC_STRINGS = YES;
				SWIFT_VERSION = 5.0;
				TARGETED_DEVICE_FAMILY = "1,2";
			};
			name = Release;
		};
/* End XCBuildConfiguration section */

/* Begin XCConfigurationList section */
		93AB32D728EDF92400F3C470 /* Build configuration list for PBXProject "Browser" */ = {
			isa = XCConfigurationList;
			buildConfigurations = (
				93AB32E828EDF92400F3C470 /* Debug */,
				93AB32E928EDF92400F3C470 /* Release */,
			);
			defaultConfigurationIsVisible = 0;
			defaultConfigurationName = Release;
		};
		93AB32EA28EDF92400F3C470 /* Build configuration list for PBXNativeTarget "Browser" */ = {
			isa = XCConfigurationList;
			buildConfigurations = (
				93AB32EB28EDF92400F3C470 /* Debug */,
				93AB32EC28EDF92400F3C470 /* Release */,
			);
			defaultConfigurationIsVisible = 0;
			defaultConfigurationName = Release;
		};
/* End XCConfigurationList section */

/* Begin XCRemoteSwiftPackageReference section */
		933A5AB528FA68B900F8A35E /* XCRemoteSwiftPackageReference "SwiftUI-Introspect" */ = {
			isa = XCRemoteSwiftPackageReference;
			repositoryURL = "https://github.com/siteline/SwiftUI-Introspect";
			requirement = {
				kind = upToNextMajorVersion;
				minimumVersion = 0.1.4;
			};
		};
/* End XCRemoteSwiftPackageReference section */

/* Begin XCSwiftPackageProductDependency section */
		933A5AB628FA68B900F8A35E /* Introspect */ = {
			isa = XCSwiftPackageProductDependency;
			package = 933A5AB528FA68B900F8A35E /* XCRemoteSwiftPackageReference "SwiftUI-Introspect" */;
			productName = Introspect;
		};
/* End XCSwiftPackageProductDependency section */

/* Begin XCVersionGroup section */
		933A5ABC28FDFF1700F8A35E /* StorageModel.xcdatamodeld */ = {
			isa = XCVersionGroup;
			children = (
				933A5ABD28FDFF1700F8A35E /* Model.xcdatamodel */,
			);
			currentVersion = 933A5ABD28FDFF1700F8A35E /* Model.xcdatamodel */;
			path = StorageModel.xcdatamodeld;
			sourceTree = "<group>";
			versionGroupType = wrapper.xcdatamodel;
		};
/* End XCVersionGroup section */
	};
	rootObject = 93AB32D428EDF92400F3C470 /* Project object */;
}
