// !$*UTF8*$!
{
	archiveVersion = 1;
	classes = {
	};
	objectVersion = 56;
	objects = {

/* Begin PBXBuildFile section */
		93254B0B2C5332C000B66206 /* WebViewRef.swift in Sources */ = {isa = PBXBuildFile; fileRef = 93254B0A2C5332C000B66206 /* WebViewRef.swift */; };
		93254B0D2C53438B00B66206 /* MainMenu.swift in Sources */ = {isa = PBXBuildFile; fileRef = 93254B0C2C53438B00B66206 /* MainMenu.swift */; };
		938822DD2C54484B00B4FE37 /* MainMenuConfig.swift in Sources */ = {isa = PBXBuildFile; fileRef = 938822DC2C54484B00B4FE37 /* MainMenuConfig.swift */; };
		938822E02C55633A00B4FE37 /* CardGridView.swift in Sources */ = {isa = PBXBuildFile; fileRef = 938822DF2C55633A00B4FE37 /* CardGridView.swift */; };
		938822E22C55634200B4FE37 /* CardGridViewModel.swift in Sources */ = {isa = PBXBuildFile; fileRef = 938822E12C55634200B4FE37 /* CardGridViewModel.swift */; };
		938822EA2C55A60200B4FE37 /* IdentifiedCollections in Frameworks */ = {isa = PBXBuildFile; productRef = 938822E92C55A60200B4FE37 /* IdentifiedCollections */; };
		938822EC2C57061B00B4FE37 /* UIImage+Extensions.swift in Sources */ = {isa = PBXBuildFile; fileRef = 938822EB2C57061B00B4FE37 /* UIImage+Extensions.swift */; };
		938822EE2C570A3A00B4FE37 /* CardGridCellView.swift in Sources */ = {isa = PBXBuildFile; fileRef = 938822ED2C570A3A00B4FE37 /* CardGridCellView.swift */; };
		938822F02C5C3E2400B4FE37 /* CenterButtonViewModel.swift in Sources */ = {isa = PBXBuildFile; fileRef = 938822EF2C5C3E2400B4FE37 /* CenterButtonViewModel.swift */; };
		938822F32C5C78E500B4FE37 /* TabModel.swift in Sources */ = {isa = PBXBuildFile; fileRef = 938822F22C5C78E500B4FE37 /* TabModel.swift */; };
		938822F92C5D8DEE00B4FE37 /* CardView.swift in Sources */ = {isa = PBXBuildFile; fileRef = 938822F82C5D8DEE00B4FE37 /* CardView.swift */; };
		938822FB2C5D8E1A00B4FE37 /* CardViewModel.swift in Sources */ = {isa = PBXBuildFile; fileRef = 938822FA2C5D8E1A00B4FE37 /* CardViewModel.swift */; };
		938822FD2C5DA6A900B4FE37 /* OverlayCardView.swift in Sources */ = {isa = PBXBuildFile; fileRef = 938822FC2C5DA6A900B4FE37 /* OverlayCardView.swift */; };
		938822FF2C5DA6B100B4FE37 /* OverlayCardViewModel.swift in Sources */ = {isa = PBXBuildFile; fileRef = 938822FE2C5DA6B100B4FE37 /* OverlayCardViewModel.swift */; };
		938823012C6089DC00B4FE37 /* Card.swift in Sources */ = {isa = PBXBuildFile; fileRef = 938823002C6089DC00B4FE37 /* Card.swift */; };
		938823032C612F1D00B4FE37 /* FaviconObserver.swift in Sources */ = {isa = PBXBuildFile; fileRef = 938823022C612F1D00B4FE37 /* FaviconObserver.swift */; };
		938823052C612F9E00B4FE37 /* WebViewConfiguration.swift in Sources */ = {isa = PBXBuildFile; fileRef = 938823042C612F9E00B4FE37 /* WebViewConfiguration.swift */; };
		938823082C61348800B4FE37 /* SDWebImage in Frameworks */ = {isa = PBXBuildFile; productRef = 938823072C61348800B4FE37 /* SDWebImage */; };
		93C94CD92C4F2C2D00E3BB13 /* SearchEngine.swift in Sources */ = {isa = PBXBuildFile; fileRef = 93C94CD82C4F2C2D00E3BB13 /* SearchEngine.swift */; };
		93C94CDB2C4F34BB00E3BB13 /* SuggestionsView.swift in Sources */ = {isa = PBXBuildFile; fileRef = 93C94CDA2C4F34BB00E3BB13 /* SuggestionsView.swift */; };
		93C94CDD2C51900400E3BB13 /* SuggestionsViewModel.swift in Sources */ = {isa = PBXBuildFile; fileRef = 93C94CDC2C51900400E3BB13 /* SuggestionsViewModel.swift */; };
		93D480DE2C25D9600019921F /* AppDelegate.swift in Sources */ = {isa = PBXBuildFile; fileRef = 93D480DD2C25D9600019921F /* AppDelegate.swift */; };
		93D480E22C25D9600019921F /* MainViewController.swift in Sources */ = {isa = PBXBuildFile; fileRef = 93D480E12C25D9600019921F /* MainViewController.swift */; };
		93D480E72C25D9610019921F /* Assets.xcassets in Resources */ = {isa = PBXBuildFile; fileRef = 93D480E62C25D9610019921F /* Assets.xcassets */; };
		93D480EA2C25D9610019921F /* Base in Resources */ = {isa = PBXBuildFile; fileRef = 93D480E92C25D9610019921F /* Base */; };
		93D480F42C2609950019921F /* BottomBarView.swift in Sources */ = {isa = PBXBuildFile; fileRef = 93D480F32C2609950019921F /* BottomBarView.swift */; };
		93D480F92C260DB90019921F /* CapsuleButton.swift in Sources */ = {isa = PBXBuildFile; fileRef = 93D480F82C260DB90019921F /* CapsuleButton.swift */; };
		93D480FD2C2704DF0019921F /* CenterButtonView.swift in Sources */ = {isa = PBXBuildFile; fileRef = 93D480FC2C2704DF0019921F /* CenterButtonView.swift */; };
		93D480FF2C271E090019921F /* BottomBarViewModel.swift in Sources */ = {isa = PBXBuildFile; fileRef = 93D480FE2C271E090019921F /* BottomBarViewModel.swift */; };
		93D481042C2B08CB0019921F /* WebContentView.swift in Sources */ = {isa = PBXBuildFile; fileRef = 93D481032C2B08CB0019921F /* WebContentView.swift */; };
		93D481062C2B08D80019921F /* WebContentViewModel.swift in Sources */ = {isa = PBXBuildFile; fileRef = 93D481052C2B08D80019921F /* WebContentViewModel.swift */; };
		93D4810A2C2B275F0019921F /* Colors.swift in Sources */ = {isa = PBXBuildFile; fileRef = 93D481092C2B275F0019921F /* Colors.swift */; };
		93D4810C2C2C493B0019921F /* DropShadow.swift in Sources */ = {isa = PBXBuildFile; fileRef = 93D4810B2C2C493A0019921F /* DropShadow.swift */; };
		93D4810F2C2CC4DE0019921F /* URLInputView.swift in Sources */ = {isa = PBXBuildFile; fileRef = 93D4810E2C2CC4DE0019921F /* URLInputView.swift */; };
		93D481112C2DA5F00019921F /* URLInputViewModel.swift in Sources */ = {isa = PBXBuildFile; fileRef = 93D481102C2DA5F00019921F /* URLInputViewModel.swift */; };
		93D481192C31A24D0019921F /* UIColor+Extensions.swift in Sources */ = {isa = PBXBuildFile; fileRef = 93D481182C31A24D0019921F /* UIColor+Extensions.swift */; };
		93D4811D2C38BE880019921F /* MainViewModel.swift in Sources */ = {isa = PBXBuildFile; fileRef = 93D4811C2C38BE880019921F /* MainViewModel.swift */; };
		93D4811F2C38C4680019921F /* URLInput.swift in Sources */ = {isa = PBXBuildFile; fileRef = 93D4811E2C38C4680019921F /* URLInput.swift */; };
		93D481252C4AEBE80019921F /* UIView+Extensions.swift in Sources */ = {isa = PBXBuildFile; fileRef = 93D481242C4AEBE80019921F /* UIView+Extensions.swift */; };
/* End PBXBuildFile section */

/* Begin PBXFileReference section */
		93254B0A2C5332C000B66206 /* WebViewRef.swift */ = {isa = PBXFileReference; lastKnownFileType = sourcecode.swift; path = WebViewRef.swift; sourceTree = "<group>"; };
		93254B0C2C53438B00B66206 /* MainMenu.swift */ = {isa = PBXFileReference; lastKnownFileType = sourcecode.swift; path = MainMenu.swift; sourceTree = "<group>"; };
		938822DC2C54484B00B4FE37 /* MainMenuConfig.swift */ = {isa = PBXFileReference; lastKnownFileType = sourcecode.swift; path = MainMenuConfig.swift; sourceTree = "<group>"; };
		938822DF2C55633A00B4FE37 /* CardGridView.swift */ = {isa = PBXFileReference; lastKnownFileType = sourcecode.swift; path = CardGridView.swift; sourceTree = "<group>"; };
		938822E12C55634200B4FE37 /* CardGridViewModel.swift */ = {isa = PBXFileReference; lastKnownFileType = sourcecode.swift; path = CardGridViewModel.swift; sourceTree = "<group>"; };
		938822EB2C57061B00B4FE37 /* UIImage+Extensions.swift */ = {isa = PBXFileReference; lastKnownFileType = sourcecode.swift; path = "UIImage+Extensions.swift"; sourceTree = "<group>"; };
		938822ED2C570A3A00B4FE37 /* CardGridCellView.swift */ = {isa = PBXFileReference; lastKnownFileType = sourcecode.swift; path = CardGridCellView.swift; sourceTree = "<group>"; };
		938822EF2C5C3E2400B4FE37 /* CenterButtonViewModel.swift */ = {isa = PBXFileReference; lastKnownFileType = sourcecode.swift; path = CenterButtonViewModel.swift; sourceTree = "<group>"; };
		938822F22C5C78E500B4FE37 /* TabModel.swift */ = {isa = PBXFileReference; lastKnownFileType = sourcecode.swift; path = TabModel.swift; sourceTree = "<group>"; };
		938822F82C5D8DEE00B4FE37 /* CardView.swift */ = {isa = PBXFileReference; lastKnownFileType = sourcecode.swift; path = CardView.swift; sourceTree = "<group>"; };
		938822FA2C5D8E1A00B4FE37 /* CardViewModel.swift */ = {isa = PBXFileReference; lastKnownFileType = sourcecode.swift; path = CardViewModel.swift; sourceTree = "<group>"; };
		938822FC2C5DA6A900B4FE37 /* OverlayCardView.swift */ = {isa = PBXFileReference; lastKnownFileType = sourcecode.swift; path = OverlayCardView.swift; sourceTree = "<group>"; };
		938822FE2C5DA6B100B4FE37 /* OverlayCardViewModel.swift */ = {isa = PBXFileReference; lastKnownFileType = sourcecode.swift; path = OverlayCardViewModel.swift; sourceTree = "<group>"; };
		938823002C6089DC00B4FE37 /* Card.swift */ = {isa = PBXFileReference; lastKnownFileType = sourcecode.swift; path = Card.swift; sourceTree = "<group>"; };
		938823022C612F1D00B4FE37 /* FaviconObserver.swift */ = {isa = PBXFileReference; fileEncoding = 4; lastKnownFileType = sourcecode.swift; path = FaviconObserver.swift; sourceTree = "<group>"; };
		938823042C612F9E00B4FE37 /* WebViewConfiguration.swift */ = {isa = PBXFileReference; lastKnownFileType = sourcecode.swift; path = WebViewConfiguration.swift; sourceTree = "<group>"; };
		93C94CD82C4F2C2D00E3BB13 /* SearchEngine.swift */ = {isa = PBXFileReference; lastKnownFileType = sourcecode.swift; path = SearchEngine.swift; sourceTree = "<group>"; };
		93C94CDA2C4F34BB00E3BB13 /* SuggestionsView.swift */ = {isa = PBXFileReference; lastKnownFileType = sourcecode.swift; path = SuggestionsView.swift; sourceTree = "<group>"; };
		93C94CDC2C51900400E3BB13 /* SuggestionsViewModel.swift */ = {isa = PBXFileReference; lastKnownFileType = sourcecode.swift; path = SuggestionsViewModel.swift; sourceTree = "<group>"; };
		93D480DA2C25D9600019921F /* BrowserProto.app */ = {isa = PBXFileReference; explicitFileType = wrapper.application; includeInIndex = 0; path = BrowserProto.app; sourceTree = BUILT_PRODUCTS_DIR; };
		93D480DD2C25D9600019921F /* AppDelegate.swift */ = {isa = PBXFileReference; lastKnownFileType = sourcecode.swift; path = AppDelegate.swift; sourceTree = "<group>"; };
		93D480E12C25D9600019921F /* MainViewController.swift */ = {isa = PBXFileReference; lastKnownFileType = sourcecode.swift; path = MainViewController.swift; sourceTree = "<group>"; };
		93D480E62C25D9610019921F /* Assets.xcassets */ = {isa = PBXFileReference; lastKnownFileType = folder.assetcatalog; path = Assets.xcassets; sourceTree = "<group>"; };
		93D480E92C25D9610019921F /* Base */ = {isa = PBXFileReference; lastKnownFileType = file.storyboard; name = Base; path = Base.lproj/LaunchScreen.storyboard; sourceTree = "<group>"; };
		93D480EB2C25D9610019921F /* Info.plist */ = {isa = PBXFileReference; lastKnownFileType = text.plist.xml; path = Info.plist; sourceTree = "<group>"; };
		93D480F32C2609950019921F /* BottomBarView.swift */ = {isa = PBXFileReference; lastKnownFileType = sourcecode.swift; path = BottomBarView.swift; sourceTree = "<group>"; };
		93D480F82C260DB90019921F /* CapsuleButton.swift */ = {isa = PBXFileReference; lastKnownFileType = sourcecode.swift; path = CapsuleButton.swift; sourceTree = "<group>"; };
		93D480FC2C2704DF0019921F /* CenterButtonView.swift */ = {isa = PBXFileReference; lastKnownFileType = sourcecode.swift; path = CenterButtonView.swift; sourceTree = "<group>"; };
		93D480FE2C271E090019921F /* BottomBarViewModel.swift */ = {isa = PBXFileReference; lastKnownFileType = sourcecode.swift; path = BottomBarViewModel.swift; sourceTree = "<group>"; };
		93D481032C2B08CB0019921F /* WebContentView.swift */ = {isa = PBXFileReference; lastKnownFileType = sourcecode.swift; path = WebContentView.swift; sourceTree = "<group>"; };
		93D481052C2B08D80019921F /* WebContentViewModel.swift */ = {isa = PBXFileReference; lastKnownFileType = sourcecode.swift; path = WebContentViewModel.swift; sourceTree = "<group>"; };
		93D481092C2B275F0019921F /* Colors.swift */ = {isa = PBXFileReference; lastKnownFileType = sourcecode.swift; path = Colors.swift; sourceTree = "<group>"; };
		93D4810B2C2C493A0019921F /* DropShadow.swift */ = {isa = PBXFileReference; lastKnownFileType = sourcecode.swift; path = DropShadow.swift; sourceTree = "<group>"; };
		93D4810E2C2CC4DE0019921F /* URLInputView.swift */ = {isa = PBXFileReference; lastKnownFileType = sourcecode.swift; path = URLInputView.swift; sourceTree = "<group>"; };
		93D481102C2DA5F00019921F /* URLInputViewModel.swift */ = {isa = PBXFileReference; lastKnownFileType = sourcecode.swift; path = URLInputViewModel.swift; sourceTree = "<group>"; };
		93D481182C31A24D0019921F /* UIColor+Extensions.swift */ = {isa = PBXFileReference; lastKnownFileType = sourcecode.swift; path = "UIColor+Extensions.swift"; sourceTree = "<group>"; };
		93D4811C2C38BE880019921F /* MainViewModel.swift */ = {isa = PBXFileReference; lastKnownFileType = sourcecode.swift; path = MainViewModel.swift; sourceTree = "<group>"; };
		93D4811E2C38C4680019921F /* URLInput.swift */ = {isa = PBXFileReference; lastKnownFileType = sourcecode.swift; path = URLInput.swift; sourceTree = "<group>"; };
		93D481242C4AEBE80019921F /* UIView+Extensions.swift */ = {isa = PBXFileReference; lastKnownFileType = sourcecode.swift; path = "UIView+Extensions.swift"; sourceTree = "<group>"; };
/* End PBXFileReference section */

/* Begin PBXFrameworksBuildPhase section */
		93D480D72C25D9600019921F /* Frameworks */ = {
			isa = PBXFrameworksBuildPhase;
			buildActionMask = 2147483647;
			files = (
				938823082C61348800B4FE37 /* SDWebImage in Frameworks */,
				938822EA2C55A60200B4FE37 /* IdentifiedCollections in Frameworks */,
			);
			runOnlyForDeploymentPostprocessing = 0;
		};
/* End PBXFrameworksBuildPhase section */

/* Begin PBXGroup section */
		938822DE2C55632100B4FE37 /* CardGrid */ = {
			isa = PBXGroup;
			children = (
				938823002C6089DC00B4FE37 /* Card.swift */,
				938822ED2C570A3A00B4FE37 /* CardGridCellView.swift */,
				938822DF2C55633A00B4FE37 /* CardGridView.swift */,
				938822E12C55634200B4FE37 /* CardGridViewModel.swift */,
				938822F82C5D8DEE00B4FE37 /* CardView.swift */,
				938822FA2C5D8E1A00B4FE37 /* CardViewModel.swift */,
				938822FC2C5DA6A900B4FE37 /* OverlayCardView.swift */,
				938822FE2C5DA6B100B4FE37 /* OverlayCardViewModel.swift */,
			);
			path = CardGrid;
			sourceTree = "<group>";
		};
		938822F12C5C78D700B4FE37 /* Tabs */ = {
			isa = PBXGroup;
			children = (
				938822F22C5C78E500B4FE37 /* TabModel.swift */,
			);
			path = Tabs;
			sourceTree = "<group>";
		};
		93D480D12C25D9600019921F = {
			isa = PBXGroup;
			children = (
				93D480DC2C25D9600019921F /* BrowserProto */,
				93D480DB2C25D9600019921F /* Products */,
			);
			sourceTree = "<group>";
		};
		93D480DB2C25D9600019921F /* Products */ = {
			isa = PBXGroup;
			children = (
				93D480DA2C25D9600019921F /* BrowserProto.app */,
			);
			name = Products;
			sourceTree = "<group>";
		};
		93D480DC2C25D9600019921F /* BrowserProto */ = {
			isa = PBXGroup;
			children = (
				93D481012C2B08770019921F /* App */,
				93D480F62C2609A40019921F /* BottomBar */,
				938822DE2C55632100B4FE37 /* CardGrid */,
				93D480F72C260D860019921F /* DesignSystem */,
				93D4810D2C2CC47B0019921F /* Navigation */,
				938822F12C5C78D700B4FE37 /* Tabs */,
				93D481172C31A2300019921F /* Utils */,
				93D481002C2B08690019921F /* WebContent */,
			);
			path = BrowserProto;
			sourceTree = "<group>";
		};
		93D480F62C2609A40019921F /* BottomBar */ = {
			isa = PBXGroup;
			children = (
				93D480F32C2609950019921F /* BottomBarView.swift */,
				93D480FE2C271E090019921F /* BottomBarViewModel.swift */,
				93D480FC2C2704DF0019921F /* CenterButtonView.swift */,
				938822EF2C5C3E2400B4FE37 /* CenterButtonViewModel.swift */,
				93254B0C2C53438B00B66206 /* MainMenu.swift */,
				938822DC2C54484B00B4FE37 /* MainMenuConfig.swift */,
			);
			path = BottomBar;
			sourceTree = "<group>";
		};
		93D480F72C260D860019921F /* DesignSystem */ = {
			isa = PBXGroup;
			children = (
				93D480F82C260DB90019921F /* CapsuleButton.swift */,
				93D481092C2B275F0019921F /* Colors.swift */,
				93D4810B2C2C493A0019921F /* DropShadow.swift */,
			);
			path = DesignSystem;
			sourceTree = "<group>";
		};
		93D481002C2B08690019921F /* WebContent */ = {
			isa = PBXGroup;
			children = (
				938823022C612F1D00B4FE37 /* FaviconObserver.swift */,
				93D481032C2B08CB0019921F /* WebContentView.swift */,
				93D481052C2B08D80019921F /* WebContentViewModel.swift */,
				938823042C612F9E00B4FE37 /* WebViewConfiguration.swift */,
				93254B0A2C5332C000B66206 /* WebViewRef.swift */,
			);
			path = WebContent;
			sourceTree = "<group>";
		};
		93D481012C2B08770019921F /* App */ = {
			isa = PBXGroup;
			children = (
				93D481022C2B08B10019921F /* Resources */,
				93D480DD2C25D9600019921F /* AppDelegate.swift */,
				93D480E12C25D9600019921F /* MainViewController.swift */,
				93D4811C2C38BE880019921F /* MainViewModel.swift */,
			);
			path = App;
			sourceTree = "<group>";
		};
		93D481022C2B08B10019921F /* Resources */ = {
			isa = PBXGroup;
			children = (
				93D480E62C25D9610019921F /* Assets.xcassets */,
				93D480EB2C25D9610019921F /* Info.plist */,
				93D480E82C25D9610019921F /* LaunchScreen.storyboard */,
			);
			path = Resources;
			sourceTree = "<group>";
		};
		93D4810D2C2CC47B0019921F /* Navigation */ = {
			isa = PBXGroup;
			children = (
				93C94CD82C4F2C2D00E3BB13 /* SearchEngine.swift */,
				93C94CDA2C4F34BB00E3BB13 /* SuggestionsView.swift */,
				93C94CDC2C51900400E3BB13 /* SuggestionsViewModel.swift */,
				93D4810E2C2CC4DE0019921F /* URLInputView.swift */,
				93D481102C2DA5F00019921F /* URLInputViewModel.swift */,
			);
			path = Navigation;
			sourceTree = "<group>";
		};
		93D481172C31A2300019921F /* Utils */ = {
			isa = PBXGroup;
			children = (
				93D481182C31A24D0019921F /* UIColor+Extensions.swift */,
				938822EB2C57061B00B4FE37 /* UIImage+Extensions.swift */,
				93D481242C4AEBE80019921F /* UIView+Extensions.swift */,
				93D4811E2C38C4680019921F /* URLInput.swift */,
			);
			path = Utils;
			sourceTree = "<group>";
		};
/* End PBXGroup section */

/* Begin PBXNativeTarget section */
		93D480D92C25D9600019921F /* BrowserProto */ = {
			isa = PBXNativeTarget;
			buildConfigurationList = 93D480EE2C25D9610019921F /* Build configuration list for PBXNativeTarget "BrowserProto" */;
			buildPhases = (
				93D480D62C25D9600019921F /* Sources */,
				93D480D72C25D9600019921F /* Frameworks */,
				93D480D82C25D9600019921F /* Resources */,
			);
			buildRules = (
			);
			dependencies = (
			);
			name = BrowserProto;
			packageProductDependencies = (
				938822E92C55A60200B4FE37 /* IdentifiedCollections */,
				938823072C61348800B4FE37 /* SDWebImage */,
			);
			productName = BrowserProto;
			productReference = 93D480DA2C25D9600019921F /* BrowserProto.app */;
			productType = "com.apple.product-type.application";
		};
/* End PBXNativeTarget section */

/* Begin PBXProject section */
		93D480D22C25D9600019921F /* Project object */ = {
			isa = PBXProject;
			attributes = {
				BuildIndependentTargetsInParallel = 1;
				LastSwiftUpdateCheck = 1540;
				LastUpgradeCheck = 1540;
				TargetAttributes = {
					93D480D92C25D9600019921F = {
						CreatedOnToolsVersion = 15.4;
					};
				};
			};
			buildConfigurationList = 93D480D52C25D9600019921F /* Build configuration list for PBXProject "BrowserProto" */;
			compatibilityVersion = "Xcode 14.0";
			developmentRegion = en;
			hasScannedForEncodings = 0;
			knownRegions = (
				en,
				Base,
			);
			mainGroup = 93D480D12C25D9600019921F;
			packageReferences = (
				938822E82C55A60200B4FE37 /* XCRemoteSwiftPackageReference "swift-identified-collections" */,
				938823062C61348800B4FE37 /* XCRemoteSwiftPackageReference "SDWebImage" */,
			);
			productRefGroup = 93D480DB2C25D9600019921F /* Products */;
			projectDirPath = "";
			projectRoot = "";
			targets = (
				93D480D92C25D9600019921F /* BrowserProto */,
			);
		};
/* End PBXProject section */

/* Begin PBXResourcesBuildPhase section */
		93D480D82C25D9600019921F /* Resources */ = {
			isa = PBXResourcesBuildPhase;
			buildActionMask = 2147483647;
			files = (
				93D480E72C25D9610019921F /* Assets.xcassets in Resources */,
				93D480EA2C25D9610019921F /* Base in Resources */,
			);
			runOnlyForDeploymentPostprocessing = 0;
		};
/* End PBXResourcesBuildPhase section */

/* Begin PBXSourcesBuildPhase section */
		93D480D62C25D9600019921F /* Sources */ = {
			isa = PBXSourcesBuildPhase;
			buildActionMask = 2147483647;
			files = (
				938822FD2C5DA6A900B4FE37 /* OverlayCardView.swift in Sources */,
				93D481112C2DA5F00019921F /* URLInputViewModel.swift in Sources */,
				93D4810C2C2C493B0019921F /* DropShadow.swift in Sources */,
				93D481252C4AEBE80019921F /* UIView+Extensions.swift in Sources */,
				93C94CD92C4F2C2D00E3BB13 /* SearchEngine.swift in Sources */,
				93D480F42C2609950019921F /* BottomBarView.swift in Sources */,
				938822F32C5C78E500B4FE37 /* TabModel.swift in Sources */,
				93D4810A2C2B275F0019921F /* Colors.swift in Sources */,
				93C94CDB2C4F34BB00E3BB13 /* SuggestionsView.swift in Sources */,
				93D4811F2C38C4680019921F /* URLInput.swift in Sources */,
				938823012C6089DC00B4FE37 /* Card.swift in Sources */,
				93D481062C2B08D80019921F /* WebContentViewModel.swift in Sources */,
				938823032C612F1D00B4FE37 /* FaviconObserver.swift in Sources */,
				938822DD2C54484B00B4FE37 /* MainMenuConfig.swift in Sources */,
				93254B0B2C5332C000B66206 /* WebViewRef.swift in Sources */,
				93D481042C2B08CB0019921F /* WebContentView.swift in Sources */,
				938822EE2C570A3A00B4FE37 /* CardGridCellView.swift in Sources */,
				938822FB2C5D8E1A00B4FE37 /* CardViewModel.swift in Sources */,
				93C94CDD2C51900400E3BB13 /* SuggestionsViewModel.swift in Sources */,
				938822F92C5D8DEE00B4FE37 /* CardView.swift in Sources */,
				93254B0D2C53438B00B66206 /* MainMenu.swift in Sources */,
				938823052C612F9E00B4FE37 /* WebViewConfiguration.swift in Sources */,
				93D4810F2C2CC4DE0019921F /* URLInputView.swift in Sources */,
				938822E02C55633A00B4FE37 /* CardGridView.swift in Sources */,
				938822E22C55634200B4FE37 /* CardGridViewModel.swift in Sources */,
				938822F02C5C3E2400B4FE37 /* CenterButtonViewModel.swift in Sources */,
				93D480E22C25D9600019921F /* MainViewController.swift in Sources */,
				93D480FD2C2704DF0019921F /* CenterButtonView.swift in Sources */,
				93D481192C31A24D0019921F /* UIColor+Extensions.swift in Sources */,
				93D480FF2C271E090019921F /* BottomBarViewModel.swift in Sources */,
				93D480DE2C25D9600019921F /* AppDelegate.swift in Sources */,
				938822EC2C57061B00B4FE37 /* UIImage+Extensions.swift in Sources */,
				938822FF2C5DA6B100B4FE37 /* OverlayCardViewModel.swift in Sources */,
				93D480F92C260DB90019921F /* CapsuleButton.swift in Sources */,
				93D4811D2C38BE880019921F /* MainViewModel.swift in Sources */,
			);
			runOnlyForDeploymentPostprocessing = 0;
		};
/* End PBXSourcesBuildPhase section */

/* Begin PBXVariantGroup section */
		93D480E82C25D9610019921F /* LaunchScreen.storyboard */ = {
			isa = PBXVariantGroup;
			children = (
				93D480E92C25D9610019921F /* Base */,
			);
			name = LaunchScreen.storyboard;
			sourceTree = "<group>";
		};
/* End PBXVariantGroup section */

/* Begin XCBuildConfiguration section */
		93D480EC2C25D9610019921F /* Debug */ = {
			isa = XCBuildConfiguration;
			buildSettings = {
				ALWAYS_SEARCH_USER_PATHS = NO;
				ASSETCATALOG_COMPILER_GENERATE_SWIFT_ASSET_SYMBOL_EXTENSIONS = YES;
				CLANG_ANALYZER_NONNULL = YES;
				CLANG_ANALYZER_NUMBER_OBJECT_CONVERSION = YES_AGGRESSIVE;
				CLANG_CXX_LANGUAGE_STANDARD = "gnu++20";
				CLANG_ENABLE_MODULES = YES;
				CLANG_ENABLE_OBJC_ARC = YES;
				CLANG_ENABLE_OBJC_WEAK = YES;
				CLANG_WARN_BLOCK_CAPTURE_AUTORELEASING = YES;
				CLANG_WARN_BOOL_CONVERSION = YES;
				CLANG_WARN_COMMA = YES;
				CLANG_WARN_CONSTANT_CONVERSION = YES;
				CLANG_WARN_DEPRECATED_OBJC_IMPLEMENTATIONS = YES;
				CLANG_WARN_DIRECT_OBJC_ISA_USAGE = YES_ERROR;
				CLANG_WARN_DOCUMENTATION_COMMENTS = YES;
				CLANG_WARN_EMPTY_BODY = YES;
				CLANG_WARN_ENUM_CONVERSION = YES;
				CLANG_WARN_INFINITE_RECURSION = YES;
				CLANG_WARN_INT_CONVERSION = YES;
				CLANG_WARN_NON_LITERAL_NULL_CONVERSION = YES;
				CLANG_WARN_OBJC_IMPLICIT_RETAIN_SELF = YES;
				CLANG_WARN_OBJC_LITERAL_CONVERSION = YES;
				CLANG_WARN_OBJC_ROOT_CLASS = YES_ERROR;
				CLANG_WARN_QUOTED_INCLUDE_IN_FRAMEWORK_HEADER = YES;
				CLANG_WARN_RANGE_LOOP_ANALYSIS = YES;
				CLANG_WARN_STRICT_PROTOTYPES = YES;
				CLANG_WARN_SUSPICIOUS_MOVE = YES;
				CLANG_WARN_UNGUARDED_AVAILABILITY = YES_AGGRESSIVE;
				CLANG_WARN_UNREACHABLE_CODE = YES;
				CLANG_WARN__DUPLICATE_METHOD_MATCH = YES;
				COPY_PHASE_STRIP = NO;
				DEBUG_INFORMATION_FORMAT = dwarf;
				ENABLE_STRICT_OBJC_MSGSEND = YES;
				ENABLE_TESTABILITY = YES;
				ENABLE_USER_SCRIPT_SANDBOXING = YES;
				GCC_C_LANGUAGE_STANDARD = gnu17;
				GCC_DYNAMIC_NO_PIC = NO;
				GCC_NO_COMMON_BLOCKS = YES;
				GCC_OPTIMIZATION_LEVEL = 0;
				GCC_PREPROCESSOR_DEFINITIONS = (
					"DEBUG=1",
					"$(inherited)",
				);
				GCC_WARN_64_TO_32_BIT_CONVERSION = YES;
				GCC_WARN_ABOUT_RETURN_TYPE = YES_ERROR;
				GCC_WARN_UNDECLARED_SELECTOR = YES;
				GCC_WARN_UNINITIALIZED_AUTOS = YES_AGGRESSIVE;
				GCC_WARN_UNUSED_FUNCTION = YES;
				GCC_WARN_UNUSED_VARIABLE = YES;
				IPHONEOS_DEPLOYMENT_TARGET = 17.5;
				LOCALIZATION_PREFERS_STRING_CATALOGS = YES;
				MTL_ENABLE_DEBUG_INFO = INCLUDE_SOURCE;
				MTL_FAST_MATH = YES;
				ONLY_ACTIVE_ARCH = YES;
				SDKROOT = iphoneos;
				SWIFT_ACTIVE_COMPILATION_CONDITIONS = "DEBUG $(inherited)";
				SWIFT_OPTIMIZATION_LEVEL = "-Onone";
			};
			name = Debug;
		};
		93D480ED2C25D9610019921F /* Release */ = {
			isa = XCBuildConfiguration;
			buildSettings = {
				ALWAYS_SEARCH_USER_PATHS = NO;
				ASSETCATALOG_COMPILER_GENERATE_SWIFT_ASSET_SYMBOL_EXTENSIONS = YES;
				CLANG_ANALYZER_NONNULL = YES;
				CLANG_ANALYZER_NUMBER_OBJECT_CONVERSION = YES_AGGRESSIVE;
				CLANG_CXX_LANGUAGE_STANDARD = "gnu++20";
				CLANG_ENABLE_MODULES = YES;
				CLANG_ENABLE_OBJC_ARC = YES;
				CLANG_ENABLE_OBJC_WEAK = YES;
				CLANG_WARN_BLOCK_CAPTURE_AUTORELEASING = YES;
				CLANG_WARN_BOOL_CONVERSION = YES;
				CLANG_WARN_COMMA = YES;
				CLANG_WARN_CONSTANT_CONVERSION = YES;
				CLANG_WARN_DEPRECATED_OBJC_IMPLEMENTATIONS = YES;
				CLANG_WARN_DIRECT_OBJC_ISA_USAGE = YES_ERROR;
				CLANG_WARN_DOCUMENTATION_COMMENTS = YES;
				CLANG_WARN_EMPTY_BODY = YES;
				CLANG_WARN_ENUM_CONVERSION = YES;
				CLANG_WARN_INFINITE_RECURSION = YES;
				CLANG_WARN_INT_CONVERSION = YES;
				CLANG_WARN_NON_LITERAL_NULL_CONVERSION = YES;
				CLANG_WARN_OBJC_IMPLICIT_RETAIN_SELF = YES;
				CLANG_WARN_OBJC_LITERAL_CONVERSION = YES;
				CLANG_WARN_OBJC_ROOT_CLASS = YES_ERROR;
				CLANG_WARN_QUOTED_INCLUDE_IN_FRAMEWORK_HEADER = YES;
				CLANG_WARN_RANGE_LOOP_ANALYSIS = YES;
				CLANG_WARN_STRICT_PROTOTYPES = YES;
				CLANG_WARN_SUSPICIOUS_MOVE = YES;
				CLANG_WARN_UNGUARDED_AVAILABILITY = YES_AGGRESSIVE;
				CLANG_WARN_UNREACHABLE_CODE = YES;
				CLANG_WARN__DUPLICATE_METHOD_MATCH = YES;
				COPY_PHASE_STRIP = NO;
				DEBUG_INFORMATION_FORMAT = "dwarf-with-dsym";
				ENABLE_NS_ASSERTIONS = NO;
				ENABLE_STRICT_OBJC_MSGSEND = YES;
				ENABLE_USER_SCRIPT_SANDBOXING = YES;
				GCC_C_LANGUAGE_STANDARD = gnu17;
				GCC_NO_COMMON_BLOCKS = YES;
				GCC_WARN_64_TO_32_BIT_CONVERSION = YES;
				GCC_WARN_ABOUT_RETURN_TYPE = YES_ERROR;
				GCC_WARN_UNDECLARED_SELECTOR = YES;
				GCC_WARN_UNINITIALIZED_AUTOS = YES_AGGRESSIVE;
				GCC_WARN_UNUSED_FUNCTION = YES;
				GCC_WARN_UNUSED_VARIABLE = YES;
				IPHONEOS_DEPLOYMENT_TARGET = 17.5;
				LOCALIZATION_PREFERS_STRING_CATALOGS = YES;
				MTL_ENABLE_DEBUG_INFO = NO;
				MTL_FAST_MATH = YES;
				SDKROOT = iphoneos;
				SWIFT_COMPILATION_MODE = wholemodule;
				VALIDATE_PRODUCT = YES;
			};
			name = Release;
		};
		93D480EF2C25D9610019921F /* Debug */ = {
			isa = XCBuildConfiguration;
			buildSettings = {
				ASSETCATALOG_COMPILER_APPICON_NAME = AppIcon;
				ASSETCATALOG_COMPILER_GLOBAL_ACCENT_COLOR_NAME = AccentColor;
				CODE_SIGN_STYLE = Automatic;
				CURRENT_PROJECT_VERSION = 1;
				DEVELOPMENT_TEAM = C7ZSH475YN;
				GENERATE_INFOPLIST_FILE = YES;
				INFOPLIST_FILE = BrowserProto/App/Resources/Info.plist;
				INFOPLIST_KEY_UIApplicationSupportsIndirectInputEvents = YES;
				INFOPLIST_KEY_UILaunchStoryboardName = LaunchScreen;
				INFOPLIST_KEY_UISupportedInterfaceOrientations_iPad = "UIInterfaceOrientationPortrait UIInterfaceOrientationPortraitUpsideDown UIInterfaceOrientationLandscapeLeft UIInterfaceOrientationLandscapeRight";
				INFOPLIST_KEY_UISupportedInterfaceOrientations_iPhone = "UIInterfaceOrientationPortrait UIInterfaceOrientationLandscapeLeft UIInterfaceOrientationLandscapeRight";
				IPHONEOS_DEPLOYMENT_TARGET = 17.5;
				LD_RUNPATH_SEARCH_PATHS = (
					"$(inherited)",
					"@executable_path/Frameworks",
				);
				MARKETING_VERSION = 1.0;
				PRODUCT_BUNDLE_IDENTIFIER = darinf.BrowserProto;
				PRODUCT_NAME = "$(TARGET_NAME)";
				SWIFT_EMIT_LOC_STRINGS = YES;
				SWIFT_VERSION = 5.0;
				TARGETED_DEVICE_FAMILY = "1,2";
			};
			name = Debug;
		};
		93D480F02C25D9610019921F /* Release */ = {
			isa = XCBuildConfiguration;
			buildSettings = {
				ASSETCATALOG_COMPILER_APPICON_NAME = AppIcon;
				ASSETCATALOG_COMPILER_GLOBAL_ACCENT_COLOR_NAME = AccentColor;
				CODE_SIGN_STYLE = Automatic;
				CURRENT_PROJECT_VERSION = 1;
				DEVELOPMENT_TEAM = C7ZSH475YN;
				GENERATE_INFOPLIST_FILE = YES;
				INFOPLIST_FILE = BrowserProto/Info.plist;
				INFOPLIST_KEY_UIApplicationSupportsIndirectInputEvents = YES;
				INFOPLIST_KEY_UILaunchStoryboardName = LaunchScreen;
				INFOPLIST_KEY_UISupportedInterfaceOrientations_iPad = "UIInterfaceOrientationPortrait UIInterfaceOrientationPortraitUpsideDown UIInterfaceOrientationLandscapeLeft UIInterfaceOrientationLandscapeRight";
				INFOPLIST_KEY_UISupportedInterfaceOrientations_iPhone = "UIInterfaceOrientationPortrait UIInterfaceOrientationLandscapeLeft UIInterfaceOrientationLandscapeRight";
				IPHONEOS_DEPLOYMENT_TARGET = 17.5;
				LD_RUNPATH_SEARCH_PATHS = (
					"$(inherited)",
					"@executable_path/Frameworks",
				);
				MARKETING_VERSION = 1.0;
				PRODUCT_BUNDLE_IDENTIFIER = darinf.BrowserProto;
				PRODUCT_NAME = "$(TARGET_NAME)";
				SWIFT_EMIT_LOC_STRINGS = YES;
				SWIFT_VERSION = 5.0;
				TARGETED_DEVICE_FAMILY = "1,2";
			};
			name = Release;
		};
/* End XCBuildConfiguration section */

/* Begin XCConfigurationList section */
		93D480D52C25D9600019921F /* Build configuration list for PBXProject "BrowserProto" */ = {
			isa = XCConfigurationList;
			buildConfigurations = (
				93D480EC2C25D9610019921F /* Debug */,
				93D480ED2C25D9610019921F /* Release */,
			);
			defaultConfigurationIsVisible = 0;
			defaultConfigurationName = Release;
		};
		93D480EE2C25D9610019921F /* Build configuration list for PBXNativeTarget "BrowserProto" */ = {
			isa = XCConfigurationList;
			buildConfigurations = (
				93D480EF2C25D9610019921F /* Debug */,
				93D480F02C25D9610019921F /* Release */,
			);
			defaultConfigurationIsVisible = 0;
			defaultConfigurationName = Release;
		};
/* End XCConfigurationList section */

/* Begin XCRemoteSwiftPackageReference section */
		938822E82C55A60200B4FE37 /* XCRemoteSwiftPackageReference "swift-identified-collections" */ = {
			isa = XCRemoteSwiftPackageReference;
			repositoryURL = "https://github.com/pointfreeco/swift-identified-collections.git";
			requirement = {
				kind = upToNextMajorVersion;
				minimumVersion = 1.1.0;
			};
		};
		938823062C61348800B4FE37 /* XCRemoteSwiftPackageReference "SDWebImage" */ = {
			isa = XCRemoteSwiftPackageReference;
			repositoryURL = "https://github.com/SDWebImage/SDWebImage.git";
			requirement = {
				kind = upToNextMajorVersion;
				minimumVersion = 5.19.5;
			};
		};
/* End XCRemoteSwiftPackageReference section */

/* Begin XCSwiftPackageProductDependency section */
		938822E92C55A60200B4FE37 /* IdentifiedCollections */ = {
			isa = XCSwiftPackageProductDependency;
			package = 938822E82C55A60200B4FE37 /* XCRemoteSwiftPackageReference "swift-identified-collections" */;
			productName = IdentifiedCollections;
		};
		938823072C61348800B4FE37 /* SDWebImage */ = {
			isa = XCSwiftPackageProductDependency;
			package = 938823062C61348800B4FE37 /* XCRemoteSwiftPackageReference "SDWebImage" */;
			productName = SDWebImage;
		};
/* End XCSwiftPackageProductDependency section */
	};
	rootObject = 93D480D22C25D9600019921F /* Project object */;
}
